
Microsoft Visual Studio Solution File, Format Version 12.00
# Visual Studio 14
VisualStudioVersion = 14.0.24720.0
MinimumVisualStudioVersion = 10.0.40219.1
Project("{FAE04EC0-301F-11D3-BF4B-00C04F79EFBC}") = "WindowsFormsApp", "WindowsFormsApp\WindowsFormsApp.csproj", "{B8C6D352-1998-4903-9844-17078AA9BEBE}"
EndProject
Global
	GlobalSection(SolutionConfigurationPlatforms) = preSolution
		Debug|Any CPU = Debug|Any CPU
		Release|Any CPU = Release|Any CPU
	EndGlobalSection
	GlobalSection(ProjectConfigurationPlatforms) = postSolution
		{B8C6D352-1998-4903-9844-17078AA9BEBE}.Debug|Any CPU.ActiveCfg = Debug|Any CPU
		{B8C6D352-1998-4903-9844-17078AA9BEBE}.Debug|Any CPU.Build.0 = Debug|Any CPU
		{B8C6D352-1998-4903-9844-17078AA9BEBE}.Release|Any CPU.ActiveCfg = Release|Any CPU
		{B8C6D352-1998-4903-9844-17078AA9BEBE}.Release|Any CPU.Build.0 = Release|Any CPU
	EndGlobalSection
	GlobalSection(SolutionProperties) = preSolution
		HideSolutionNode = FALSE
	EndGlobalSection
EndGlobal
